
Microsoft Visual Studio Solution File, Format Version 12.00
# Visual Studio Version 17
VisualStudioVersion = 17.8.34330.188
MinimumVisualStudioVersion = 10.0.40219.1
Project("{FAE04EC0-301F-11D3-BF4B-00C04F79EFBC}") = "Salon.API", "Salon.API\Salon.API.csproj", "{97DD1FCC-E044-415E-9407-735D88213A49}"
EndProject
Global
	GlobalSection(SolutionConfigurationPlatforms) = preSolution
		Debug|Any CPU = Debug|Any CPU
		Release|Any CPU = Release|Any CPU
	EndGlobalSection
	GlobalSection(ProjectConfigurationPlatforms) = postSolution
		{97DD1FCC-E044-415E-9407-735D88213A49}.Debug|Any CPU.ActiveCfg = Debug|Any CPU
		{97DD1FCC-E044-415E-9407-735D88213A49}.Debug|Any CPU.Build.0 = Debug|Any CPU
		{97DD1FCC-E044-415E-9407-735D88213A49}.Release|Any CPU.ActiveCfg = Release|Any CPU
		{97DD1FCC-E044-415E-9407-735D88213A49}.Release|Any CPU.Build.0 = Release|Any CPU
	EndGlobalSection
	GlobalSection(SolutionProperties) = preSolution
		HideSolutionNode = FALSE
	EndGlobalSection
	GlobalSection(ExtensibilityGlobals) = postSolution
		SolutionGuid = {D1A69690-35A7-42E6-9DE3-EBA2FC387A19}
	EndGlobalSection
EndGlobal
